
Microsoft Visual Studio Solution File, Format Version 12.00
# Visual Studio Version 17
VisualStudioVersion = 17.4.33110.190
MinimumVisualStudioVersion = 10.0.40219.1
Project("{FAE04EC0-301F-11D3-BF4B-00C04F79EFBC}") = "capaView", "TPFinalNivel2_Castro\capaView.csproj", "{01A5586D-8F50-4962-BA6F-2D43E126D9EB}"
EndProject
Project("{FAE04EC0-301F-11D3-BF4B-00C04F79EFBC}") = "capaNegocio", "capaNegocio\capaNegocio.csproj", "{3E299C4C-DCEA-4A28-AFFE-998962EA8618}"
EndProject
Project("{FAE04EC0-301F-11D3-BF4B-00C04F79EFBC}") = "capaDominio", "capaDominio\capaDominio.csproj", "{B2505DAC-DB08-48D0-898A-8F0E36BE5CF6}"
EndProject
Global
	GlobalSection(SolutionConfigurationPlatforms) = preSolution
		Debug|Any CPU = Debug|Any CPU
		Release|Any CPU = Release|Any CPU
	EndGlobalSection
	GlobalSection(ProjectConfigurationPlatforms) = postSolution
		{01A5586D-8F50-4962-BA6F-2D43E126D9EB}.Debug|Any CPU.ActiveCfg = Debug|Any CPU
		{01A5586D-8F50-4962-BA6F-2D43E126D9EB}.Debug|Any CPU.Build.0 = Debug|Any CPU
		{01A5586D-8F50-4962-BA6F-2D43E126D9EB}.Release|Any CPU.ActiveCfg = Release|Any CPU
		{01A5586D-8F50-4962-BA6F-2D43E126D9EB}.Release|Any CPU.Build.0 = Release|Any CPU
		{3E299C4C-DCEA-4A28-AFFE-998962EA8618}.Debug|Any CPU.ActiveCfg = Debug|Any CPU
		{3E299C4C-DCEA-4A28-AFFE-998962EA8618}.Debug|Any CPU.Build.0 = Debug|Any CPU
		{3E299C4C-DCEA-4A28-AFFE-998962EA8618}.Release|Any CPU.ActiveCfg = Release|Any CPU
		{3E299C4C-DCEA-4A28-AFFE-998962EA8618}.Release|Any CPU.Build.0 = Release|Any CPU
		{B2505DAC-DB08-48D0-898A-8F0E36BE5CF6}.Debug|Any CPU.ActiveCfg = Debug|Any CPU
		{B2505DAC-DB08-48D0-898A-8F0E36BE5CF6}.Debug|Any CPU.Build.0 = Debug|Any CPU
		{B2505DAC-DB08-48D0-898A-8F0E36BE5CF6}.Release|Any CPU.ActiveCfg = Release|Any CPU
		{B2505DAC-DB08-48D0-898A-8F0E36BE5CF6}.Release|Any CPU.Build.0 = Release|Any CPU
	EndGlobalSection
	GlobalSection(SolutionProperties) = preSolution
		HideSolutionNode = FALSE
	EndGlobalSection
	GlobalSection(ExtensibilityGlobals) = postSolution
		SolutionGuid = {7E76D19F-DD77-4DAC-AB4A-5E4464546D3A}
	EndGlobalSection
EndGlobal
